<?xml version="1.0" encoding="utf-8"?>
<Project ToolsVersion="4.0" xmlns="http://schemas.microsoft.com/developer/msbuild/2003">
  <ItemGroup>
    <Filter Include="Source Files">
      <UniqueIdentifier>{4FC737F1-C7A5-4376-A066-2A32D752A2FF}</UniqueIdentifier>
      <Extensions>cpp;c;cc;cxx;c++;cppm;ixx;def;odl;idl;hpj;bat;asm;asmx</Extensions>
    </Filter>
    <Filter Include="Header Files">
      <UniqueIdentifier>{93995380-89BD-4b04-88EB-625FBE52EBFB}</UniqueIdentifier>
      <Extensions>h;hh;hpp;hxx;h++;hm;inl;inc;ipp;xsd</Extensions>
    </Filter>
    <Filter Include="Resource Files">
      <UniqueIdentifier>{67DA6AB6-F800-4c08-8B7A-83BB121AAD01}</UniqueIdentifier>
      <Extensions>rc;ico;cur;bmp;dlg;rc2;rct;bin;rgs;gif;jpg;jpeg;jpe;resx;tiff;tif;png;wav;mfcribbon-ms</Extensions>
    </Filter>
  </ItemGroup>
  <ItemGroup>
    <ClCompile Include="src\Product.cpp">
      <Filter>Source Files</Filter>
    </ClCompile>
    <ClCompile Include="src\ErrorHandling.cpp">
      <Filter>Source Files</Filter>
    </ClCompile>
    <ClCompile Include="src\DataAccess\FileSystem.cpp">
      <Filter>Source Files</Filter>
    </ClCompile>
    <ClCompile Include="src\Main.cpp">
      <Filter>Source Files</Filter>
    </ClCompile>
    <ClCompile Include="src\Utils\StringUtils\StringFormatting.cpp">
      <Filter>Source Files</Filter>
    </ClCompile>
    <ClCompile Include="src\ErrorHandling\ProductAttributeValidators\Validators.cpp">
      <Filter>Source Files</Filter>
    </ClCompile>
    <ClCompile Include="src\UserInteraction\ProductAttributeRequirements\Requirements.cpp">
      <Filter>Source Files</Filter>
    </ClCompile>
    <ClCompile Include="src\Utils\IOStreamUtils\ClearingInvalidStream.cpp">
      <Filter>Source Files</Filter>
    </ClCompile>
    <ClCompile Include="src\UserInteraction\UserInput\PromptAttribute.cpp">
      <Filter>Source Files</Filter>
    </ClCompile>
    <ClCompile Include="src\UserInteraction\ProductAttributeRequirements\RequirementsPrinter.cpp">
      <Filter>Source Files</Filter>
    </ClCompile>
    <ClCompile Include="src\UserInteraction\ProductManagement\ProductSetup.cpp">
      <Filter>Source Files</Filter>
    </ClCompile>
    <ClCompile Include="src\Utils\IOStreamUtils\SettingStreamAlignment.cpp">
      <Filter>Source Files</Filter>
    </ClCompile>
    <ClCompile Include="src\Utils\ProductTableUtils\TableUtils.cpp">
      <Filter>Source Files</Filter>
    </ClCompile>
    <ClCompile Include="src\Utils\ProductTableUtils\ProductUtils.cpp">
      <Filter>Source Files</Filter>
    </ClCompile>
    <ClCompile Include="src\Utils\ConstantVariableUtils\ConstantUtils.cpp">
      <Filter>Source Files</Filter>
    </ClCompile>
    <ClCompile Include="src\UserInteraction\UserInput\PromptOptions.cpp">
      <Filter>Source Files</Filter>
    </ClCompile>
    <ClCompile Include="src\UserInteraction\UserOptions\Options.cpp">
      <Filter>Source Files</Filter>
    </ClCompile>
    <ClCompile Include="src\UserInteraction\UserOptions\DisplayOptions.cpp">
      <Filter>Source Files</Filter>
    </ClCompile>
    <ClCompile Include="src\UserInteraction\ProductManagement\ProductDisplay.cpp">
      <Filter>Source Files</Filter>
    </ClCompile>
    <ClCompile Include="src\UserInteraction\ProductManagement\ProductSearch.cpp">
      <Filter>Source Files</Filter>
    </ClCompile>
    <ClCompile Include="src\DataAccess\InMemoryStorage.cpp">
      <Filter>Source Files</Filter>
    </ClCompile>
  </ItemGroup>
  <ItemGroup>
    <ClInclude Include="src\Product.h">
      <Filter>Header Files</Filter>
    </ClInclude>
    <ClInclude Include="src\ErrorHandling.h">
      <Filter>Header Files</Filter>
    </ClInclude>
    <ClInclude Include="src\DataAccess\FileSystem.h">
      <Filter>Header Files</Filter>
    </ClInclude>
    <ClInclude Include="src\Utils\StringUtils\StringFormatting.h">
      <Filter>Header Files</Filter>
    </ClInclude>
    <ClInclude Include="src\ErrorHandling\ProductAttributeValidators\Validators.h">
      <Filter>Header Files</Filter>
    </ClInclude>
    <ClInclude Include="src\DataAccess\InMemoryStorage.h">
      <Filter>Header Files</Filter>
    </ClInclude>
    <ClInclude Include="src\UserInteraction\ProductAttributeRequirements\Requirements.h">
      <Filter>Header Files</Filter>
    </ClInclude>
    <ClInclude Include="src\Utils\IOStreamUtils\ClearingInvalidStream.h">
      <Filter>Header Files</Filter>
    </ClInclude>
    <ClInclude Include="src\UserInteraction\UserInput\PromptAttribute.h">
      <Filter>Header Files</Filter>
    </ClInclude>
    <ClInclude Include="src\UserInteraction\ProductAttributeRequirements\RequirementsPrinter.h">
      <Filter>Header Files</Filter>
    </ClInclude>
    <ClInclude Include="src\UserInteraction\ProductManagement\ProductSetup.h">
      <Filter>Header Files</Filter>
    </ClInclude>
    <ClInclude Include="src\Utils\IOStreamUtils\SettingStreamAlignment.h">
      <Filter>Header Files</Filter>
    </ClInclude>
    <ClInclude Include="src\Utils\ProductTableUtils\TableUtils.h">
      <Filter>Header Files</Filter>
    </ClInclude>
    <ClInclude Include="src\Utils\ConstantVariableUtils\ConstantUtils.h">
      <Filter>Header Files</Filter>
    </ClInclude>
    <ClInclude Include="src\Utils\ProductTableUtils\ProductUtils.h">
      <Filter>Header Files</Filter>
    </ClInclude>
    <ClInclude Include="src\UserInteraction\UserInput\PromptOptions.h">
      <Filter>Header Files</Filter>
    </ClInclude>
    <ClInclude Include="src\UserInteraction\UserOptions\Options.h">
      <Filter>Header Files</Filter>
    </ClInclude>
    <ClInclude Include="src\UserInteraction\UserOptions\DisplayOptions.h">
      <Filter>Header Files</Filter>
    </ClInclude>
    <ClInclude Include="src\UserInteraction\ProductManagement\ProductDisplay.h">
      <Filter>Header Files</Filter>
    </ClInclude>
    <ClInclude Include="src\UserInteraction\ProductManagement\ProductSearch.h">
      <Filter>Header Files</Filter>
    </ClInclude>
  </ItemGroup>
</Project>